# This file is autogenerated, do not edit; changes may be undone by the next 'dep ensure'.


[[projects]]
  digest = "1:f892acc8308967384ea31cbd1c17d42745bd45001add0eacada483d0d13d8fac"
  name = "github.com/Luzifer/go-openssl"
  packages = ["."]
  pruneopts = "NUT"
  revision = "5d2bdfffeecf20ba6dec4feb04e31872c8720255"
  version = "v2.0.2"

[solve-meta]
  analyzer-name = "dep"
  analyzer-version = 1
  input-imports = ["github.com/Luzifer/go-openssl"]
  solver-name = "gps-cdcl"
  solver-version = 1
